
Microsoft Visual Studio Solution File, Format Version 12.00
# Visual Studio 14
VisualStudioVersion = 14.0.24720.0
MinimumVisualStudioVersion = 10.0.40219.1
Project("{FAE04EC0-301F-11D3-BF4B-00C04F79EFBC}") = "GymDiary.WebUI", "GymDiary.WebUI\GymDiary.WebUI.csproj", "{655E9A37-6A87-4BBF-8344-42F74280C7B7}"
EndProject
Project("{FAE04EC0-301F-11D3-BF4B-00C04F79EFBC}") = "GymDiary.DAL", "GymDiary.DAL\GymDiary.DAL.csproj", "{044EC389-2117-49ED-B914-CC7204367E6A}"
EndProject
Project("{FAE04EC0-301F-11D3-BF4B-00C04F79EFBC}") = "GymDiary.BLL", "GymDiary.BLL\GymDiary.BLL.csproj", "{8FAC7AF4-E7D7-48CF-A402-84DDA2042825}"
EndProject
Global
	GlobalSection(SolutionConfigurationPlatforms) = preSolution
		Debug|Any CPU = Debug|Any CPU
		Release|Any CPU = Release|Any CPU
	EndGlobalSection
	GlobalSection(ProjectConfigurationPlatforms) = postSolution
		{655E9A37-6A87-4BBF-8344-42F74280C7B7}.Debug|Any CPU.ActiveCfg = Debug|Any CPU
		{655E9A37-6A87-4BBF-8344-42F74280C7B7}.Debug|Any CPU.Build.0 = Debug|Any CPU
		{655E9A37-6A87-4BBF-8344-42F74280C7B7}.Release|Any CPU.ActiveCfg = Release|Any CPU
		{655E9A37-6A87-4BBF-8344-42F74280C7B7}.Release|Any CPU.Build.0 = Release|Any CPU
		{044EC389-2117-49ED-B914-CC7204367E6A}.Debug|Any CPU.ActiveCfg = Debug|Any CPU
		{044EC389-2117-49ED-B914-CC7204367E6A}.Debug|Any CPU.Build.0 = Debug|Any CPU
		{044EC389-2117-49ED-B914-CC7204367E6A}.Release|Any CPU.ActiveCfg = Release|Any CPU
		{044EC389-2117-49ED-B914-CC7204367E6A}.Release|Any CPU.Build.0 = Release|Any CPU
		{8FAC7AF4-E7D7-48CF-A402-84DDA2042825}.Debug|Any CPU.ActiveCfg = Debug|Any CPU
		{8FAC7AF4-E7D7-48CF-A402-84DDA2042825}.Debug|Any CPU.Build.0 = Debug|Any CPU
		{8FAC7AF4-E7D7-48CF-A402-84DDA2042825}.Release|Any CPU.ActiveCfg = Release|Any CPU
		{8FAC7AF4-E7D7-48CF-A402-84DDA2042825}.Release|Any CPU.Build.0 = Release|Any CPU
	EndGlobalSection
	GlobalSection(SolutionProperties) = preSolution
		HideSolutionNode = FALSE
	EndGlobalSection
	GlobalSection(TeamFoundationVersionControl) = preSolution
		SccNumberOfProjects = 4
		SccEnterpriseProvider = {4CA58AB2-18FA-4F8D-95D4-32DDF27D184C}
		SccTeamFoundationServer = https://gym-diary.visualstudio.com/defaultcollection
		SccLocalPath0 = .
		SccProjectUniqueName1 = GymDiary.WebUI\\GymDiary.WebUI.csproj
		SccProjectName1 = GymDiary.WebUI
		SccLocalPath1 = GymDiary.WebUI
		SccProjectUniqueName2 = GymDiary.DAL\\GymDiary.DAL.csproj
		SccProjectName2 = GymDiary.DAL
		SccLocalPath2 = GymDiary.DAL
		SccProjectUniqueName3 = GymDiary.BLL\\GymDiary.BLL.csproj
		SccProjectName3 = GymDiary.BLL
		SccLocalPath3 = GymDiary.BLL
	EndGlobalSection
EndGlobal
